{
  "name": "secure-publish-monorepo",
  "version": "0.1.0",
  "lockfileVersion": 3,
  "requires": true,
  "packages": {
    "": {
      "name": "secure-publish-monorepo",
      "version": "0.1.0",
      "license": "MIT",
      "workspaces": [
        "packages/cli"
      ],
      "bin": {
        "securepublish-cli": "packages/cli/bin/securepublish-cli.js"
      },
      "engines": {
        "node": ">=20"
      }
    },
    "node_modules/securepublish-cli": {
      "resolved": "packages/cli",
      "link": true
    },
    "packages/cli": {
      "name": "securepublish-cli",
      "version": "0.1.0",
      "license": "MIT",
      "bin": {
        "securepublish-cli": "bin/securepublish-cli.js"
      },
      "engines": {
        "node": ">=20"
      }
    }
  }
}
